
Microsoft Visual Studio Solution File, Format Version 12.00
# Visual Studio Version 17
VisualStudioVersion = 17.0.31903.59
MinimumVisualStudioVersion = 10.0.40219.1
Project("{FAE04EC0-301F-11D3-BF4B-00C04F79EFBC}") = "ChaoDesi.API", "ChaoDesi.API\ChaoDesi.API.csproj", "{36EFEC2A-93BE-4EA1-8CB6-BCC45908F4EB}"
EndProject
Project("{FAE04EC0-301F-11D3-BF4B-00C04F79EFBC}") = "ChaoDesi.Application", "ChaoDesi.Application\ChaoDesi.Application.csproj", "{0E2D6EFA-F90B-4C4D-B860-2CD4EAFB097E}"
EndProject
Project("{FAE04EC0-301F-11D3-BF4B-00C04F79EFBC}") = "ChaoDesi.Domain", "ChaoDesi.Domain\ChaoDesi.Domain.csproj", "{77B3849E-315B-44EE-94E5-D47CF8D2DBE0}"
EndProject
Project("{FAE04EC0-301F-11D3-BF4B-00C04F79EFBC}") = "ChaoDesi.Infrastructure", "ChaoDesi.Infrastructure\ChaoDesi.Infrastructure.csproj", "{A1BBD003-10A9-4E74-8404-2CACEB133FB4}"
EndProject
Project("{FAE04EC0-301F-11D3-BF4B-00C04F79EFBC}") = "ChaoDesi.Tests", "ChaoDesi.Tests\ChaoDesi.Tests.csproj", "{75A8C442-A4B8-4457-80F0-3D98AF7FD3C8}"
EndProject
Global
	GlobalSection(SolutionConfigurationPlatforms) = preSolution
		Debug|Any CPU = Debug|Any CPU
		Release|Any CPU = Release|Any CPU
	EndGlobalSection
	GlobalSection(SolutionProperties) = preSolution
		HideSolutionNode = FALSE
	EndGlobalSection
	GlobalSection(ProjectConfigurationPlatforms) = postSolution
		{36EFEC2A-93BE-4EA1-8CB6-BCC45908F4EB}.Debug|Any CPU.ActiveCfg = Debug|Any CPU
		{36EFEC2A-93BE-4EA1-8CB6-BCC45908F4EB}.Debug|Any CPU.Build.0 = Debug|Any CPU
		{36EFEC2A-93BE-4EA1-8CB6-BCC45908F4EB}.Release|Any CPU.ActiveCfg = Release|Any CPU
		{36EFEC2A-93BE-4EA1-8CB6-BCC45908F4EB}.Release|Any CPU.Build.0 = Release|Any CPU
		{0E2D6EFA-F90B-4C4D-B860-2CD4EAFB097E}.Debug|Any CPU.ActiveCfg = Debug|Any CPU
		{0E2D6EFA-F90B-4C4D-B860-2CD4EAFB097E}.Debug|Any CPU.Build.0 = Debug|Any CPU
		{0E2D6EFA-F90B-4C4D-B860-2CD4EAFB097E}.Release|Any CPU.ActiveCfg = Release|Any CPU
		{0E2D6EFA-F90B-4C4D-B860-2CD4EAFB097E}.Release|Any CPU.Build.0 = Release|Any CPU
		{77B3849E-315B-44EE-94E5-D47CF8D2DBE0}.Debug|Any CPU.ActiveCfg = Debug|Any CPU
		{77B3849E-315B-44EE-94E5-D47CF8D2DBE0}.Debug|Any CPU.Build.0 = Debug|Any CPU
		{77B3849E-315B-44EE-94E5-D47CF8D2DBE0}.Release|Any CPU.ActiveCfg = Release|Any CPU
		{77B3849E-315B-44EE-94E5-D47CF8D2DBE0}.Release|Any CPU.Build.0 = Release|Any CPU
		{A1BBD003-10A9-4E74-8404-2CACEB133FB4}.Debug|Any CPU.ActiveCfg = Debug|Any CPU
		{A1BBD003-10A9-4E74-8404-2CACEB133FB4}.Debug|Any CPU.Build.0 = Debug|Any CPU
		{A1BBD003-10A9-4E74-8404-2CACEB133FB4}.Release|Any CPU.ActiveCfg = Release|Any CPU
		{A1BBD003-10A9-4E74-8404-2CACEB133FB4}.Release|Any CPU.Build.0 = Release|Any CPU
		{75A8C442-A4B8-4457-80F0-3D98AF7FD3C8}.Debug|Any CPU.ActiveCfg = Debug|Any CPU
		{75A8C442-A4B8-4457-80F0-3D98AF7FD3C8}.Debug|Any CPU.Build.0 = Debug|Any CPU
		{75A8C442-A4B8-4457-80F0-3D98AF7FD3C8}.Release|Any CPU.ActiveCfg = Release|Any CPU
		{75A8C442-A4B8-4457-80F0-3D98AF7FD3C8}.Release|Any CPU.Build.0 = Release|Any CPU
	EndGlobalSection
EndGlobal
